
Microsoft Visual Studio Solution File, Format Version 11.00
# Visual Studio 2010
Project("{8BC9CEB8-8B4A-11D0-8D11-00A0C91BC942}") = "gr", "gr\gr.vcxproj", "{610F4D15-103C-4E7C-BE5A-9C6400EA8660}"
EndProject
Project("{8BC9CEB8-8B4A-11D0-8D11-00A0C91BC942}") = "haar", "haar\haar.vcxproj", "{201293FF-824B-4129-B8C5-44B72BDE05E8}"
EndProject
Global
	GlobalSection(SolutionConfigurationPlatforms) = preSolution
		Debug|Win32 = Debug|Win32
		Release|Win32 = Release|Win32
	EndGlobalSection
	GlobalSection(ProjectConfigurationPlatforms) = postSolution
		{610F4D15-103C-4E7C-BE5A-9C6400EA8660}.Debug|Win32.ActiveCfg = Debug|Win32
		{610F4D15-103C-4E7C-BE5A-9C6400EA8660}.Debug|Win32.Build.0 = Debug|Win32
		{610F4D15-103C-4E7C-BE5A-9C6400EA8660}.Release|Win32.ActiveCfg = Release|Win32
		{610F4D15-103C-4E7C-BE5A-9C6400EA8660}.Release|Win32.Build.0 = Release|Win32
		{201293FF-824B-4129-B8C5-44B72BDE05E8}.Debug|Win32.ActiveCfg = Debug|Win32
		{201293FF-824B-4129-B8C5-44B72BDE05E8}.Debug|Win32.Build.0 = Debug|Win32
		{201293FF-824B-4129-B8C5-44B72BDE05E8}.Release|Win32.ActiveCfg = Release|Win32
		{201293FF-824B-4129-B8C5-44B72BDE05E8}.Release|Win32.Build.0 = Release|Win32
	EndGlobalSection
	GlobalSection(SolutionProperties) = preSolution
		HideSolutionNode = FALSE
	EndGlobalSection
EndGlobal
